// !$*UTF8*$!
{
	archiveVersion = 1;
	classes = {
	};
	objectVersion = 77;
	objects = {

/* Begin PBXBuildFile section */
		805B21872EFA14020069C5DF /* FirebaseAuth in Frameworks */ = {isa = PBXBuildFile; productRef = 805B21862EFA14020069C5DF /* FirebaseAuth */; };
		805B21892EFA14020069C5DF /* FirebaseCore in Frameworks */ = {isa = PBXBuildFile; productRef = 805B21882EFA14020069C5DF /* FirebaseCore */; };
		805B218B2EFA14020069C5DF /* FirebaseDatabase in Frameworks */ = {isa = PBXBuildFile; productRef = 805B218A2EFA14020069C5DF /* FirebaseDatabase */; };
/* End PBXBuildFile section */

/* Begin PBXContainerItemProxy section */
		8051C8A32EFA0E3900D96C56 /* PBXContainerItemProxy */ = {
			isa = PBXContainerItemProxy;
			containerPortal = 8051C8892EFA0E3300D96C56 /* Project object */;
			proxyType = 1;
			remoteGlobalIDString = 8051C8902EFA0E3300D96C56;
			remoteInfo = ChipSim;
		};
		8051C8AD2EFA0E3900D96C56 /* PBXContainerItemProxy */ = {
			isa = PBXContainerItemProxy;
			containerPortal = 8051C8892EFA0E3300D96C56 /* Project object */;
			proxyType = 1;
			remoteGlobalIDString = 8051C8902EFA0E3300D96C56;
			remoteInfo = ChipSim;
		};
/* End PBXContainerItemProxy section */

/* Begin PBXFileReference section */
		8051C8912EFA0E3300D96C56 /* ChipSim.app */ = {isa = PBXFileReference; explicitFileType = wrapper.application; includeInIndex = 0; path = ChipSim.app; sourceTree = BUILT_PRODUCTS_DIR; };
		8051C8A22EFA0E3900D96C56 /* ChipSimTests.xctest */ = {isa = PBXFileReference; explicitFileType = wrapper.cfbundle; includeInIndex = 0; path = ChipSimTests.xctest; sourceTree = BUILT_PRODUCTS_DIR; };
		8051C8AC2EFA0E3900D96C56 /* ChipSimUITests.xctest */ = {isa = PBXFileReference; explicitFileType = wrapper.cfbundle; includeInIndex = 0; path = ChipSimUITests.xctest; sourceTree = BUILT_PRODUCTS_DIR; };
/* End PBXFileReference section */

/* Begin PBXFileSystemSynchronizedBuildFileExceptionSet section */
		8051C8B42EFA0E3900D96C56 /* Exceptions for "ChipSim" folder in "ChipSim" target */ = {
			isa = PBXFileSystemSynchronizedBuildFileExceptionSet;
			membershipExceptions = (
				Info.plist,
			);
			target = 8051C8902EFA0E3300D96C56 /* ChipSim */;
		};
/* End PBXFileSystemSynchronizedBuildFileExceptionSet section */

/* Begin PBXFileSystemSynchronizedRootGroup section */
		8051C8932EFA0E3300D96C56 /* ChipSim */ = {
			isa = PBXFileSystemSynchronizedRootGroup;
			exceptions = (
				8051C8B42EFA0E3900D96C56 /* Exceptions for "ChipSim" folder in "ChipSim" target */,
			);
			path = ChipSim;
			sourceTree = "<group>";
		};
		8051C8A52EFA0E3900D96C56 /* ChipSimTests */ = {
			isa = PBXFileSystemSynchronizedRootGroup;
			path = ChipSimTests;
			sourceTree = "<group>";
		};
		8051C8AF2EFA0E3900D96C56 /* ChipSimUITests */ = {
			isa = PBXFileSystemSynchronizedRootGroup;
			path = ChipSimUITests;
			sourceTree = "<group>";
		};
/* End PBXFileSystemSynchronizedRootGroup section */

/* Begin PBXFrameworksBuildPhase section */
		8051C88E2EFA0E3300D96C56 /* Frameworks */ = {
			isa = PBXFrameworksBuildPhase;
			buildActionMask = 2147483647;
			files = (
				805B218B2EFA14020069C5DF /* FirebaseDatabase in Frameworks */,
				805B21892EFA14020069C5DF /* FirebaseCore in Frameworks */,
				805B21872EFA14020069C5DF /* FirebaseAuth in Frameworks */,
			);
			runOnlyForDeploymentPostprocessing = 0;
		};
		8051C89F2EFA0E3900D96C56 /* Frameworks */ = {
			isa = PBXFrameworksBuildPhase;
			buildActionMask = 2147483647;
			files = (
			);
			runOnlyForDeploymentPostprocessing = 0;
		};
		8051C8A92EFA0E3900D96C56 /* Frameworks */ = {
			isa = PBXFrameworksBuildPhase;
			buildActionMask = 2147483647;
			files = (
			);
			runOnlyForDeploymentPostprocessing = 0;
		};
/* End PBXFrameworksBuildPhase section */

/* Begin PBXGroup section */
		8051C8882EFA0E3300D96C56 = {
			isa = PBXGroup;
			children = (
				8051C8932EFA0E3300D96C56 /* ChipSim */,
				8051C8A52EFA0E3900D96C56 /* ChipSimTests */,
				8051C8AF2EFA0E3900D96C56 /* ChipSimUITests */,
				8051C8922EFA0E3300D96C56 /* Products */,
			);
			sourceTree = "<group>";
		};
		8051C8922EFA0E3300D96C56 /* Products */ = {
			isa = PBXGroup;
			children = (
				8051C8912EFA0E3300D96C56 /* ChipSim.app */,
				8051C8A22EFA0E3900D96C56 /* ChipSimTests.xctest */,
				8051C8AC2EFA0E3900D96C56 /* ChipSimUITests.xctest */,
			);
			name = Products;
			sourceTree = "<group>";
		};
/* End PBXGroup section */

/* Begin PBXNativeTarget section */
		8051C8902EFA0E3300D96C56 /* ChipSim */ = {
			isa = PBXNativeTarget;
			buildConfigurationList = 8051C8B52EFA0E3900D96C56 /* Build configuration list for PBXNativeTarget "ChipSim" */;
			buildPhases = (
				8051C88D2EFA0E3300D96C56 /* Sources */,
				8051C88E2EFA0E3300D96C56 /* Frameworks */,
				8051C88F2EFA0E3300D96C56 /* Resources */,
			);
			buildRules = (
			);
			dependencies = (
			);
			fileSystemSynchronizedGroups = (
				8051C8932EFA0E3300D96C56 /* ChipSim */,
			);
			name = ChipSim;
			packageProductDependencies = (
				805B21862EFA14020069C5DF /* FirebaseAuth */,
				805B21882EFA14020069C5DF /* FirebaseCore */,
				805B218A2EFA14020069C5DF /* FirebaseDatabase */,
			);
			productName = ChipSim;
			productReference = 8051C8912EFA0E3300D96C56 /* ChipSim.app */;
			productType = "com.apple.product-type.application";
		};
		8051C8A12EFA0E3900D96C56 /* ChipSimTests */ = {
			isa = PBXNativeTarget;
			buildConfigurationList = 8051C8BA2EFA0E3900D96C56 /* Build configuration list for PBXNativeTarget "ChipSimTests" */;
			buildPhases = (
				8051C89E2EFA0E3900D96C56 /* Sources */,
				8051C89F2EFA0E3900D96C56 /* Frameworks */,
				8051C8A02EFA0E3900D96C56 /* Resources */,
			);
			buildRules = (
			);
			dependencies = (
				8051C8A42EFA0E3900D96C56 /* PBXTargetDependency */,
			);
			fileSystemSynchronizedGroups = (
				8051C8A52EFA0E3900D96C56 /* ChipSimTests */,
			);
			name = ChipSimTests;
			packageProductDependencies = (
			);
			productName = ChipSimTests;
			productReference = 8051C8A22EFA0E3900D96C56 /* ChipSimTests.xctest */;
			productType = "com.apple.product-type.bundle.unit-test";
		};
		8051C8AB2EFA0E3900D96C56 /* ChipSimUITests */ = {
			isa = PBXNativeTarget;
			buildConfigurationList = 8051C8BD2EFA0E3900D96C56 /* Build configuration list for PBXNativeTarget "ChipSimUITests" */;
			buildPhases = (
				8051C8A82EFA0E3900D96C56 /* Sources */,
				8051C8A92EFA0E3900D96C56 /* Frameworks */,
				8051C8AA2EFA0E3900D96C56 /* Resources */,
			);
			buildRules = (
			);
			dependencies = (
				8051C8AE2EFA0E3900D96C56 /* PBXTargetDependency */,
			);
			fileSystemSynchronizedGroups = (
				8051C8AF2EFA0E3900D96C56 /* ChipSimUITests */,
			);
			name = ChipSimUITests;
			packageProductDependencies = (
			);
			productName = ChipSimUITests;
			productReference = 8051C8AC2EFA0E3900D96C56 /* ChipSimUITests.xctest */;
			productType = "com.apple.product-type.bundle.ui-testing";
		};
/* End PBXNativeTarget section */

/* Begin PBXProject section */
		8051C8892EFA0E3300D96C56 /* Project object */ = {
			isa = PBXProject;
			attributes = {
				BuildIndependentTargetsInParallel = 1;
				LastSwiftUpdateCheck = 2620;
				LastUpgradeCheck = 2620;
				TargetAttributes = {
					8051C8902EFA0E3300D96C56 = {
						CreatedOnToolsVersion = 26.2;
					};
					8051C8A12EFA0E3900D96C56 = {
						CreatedOnToolsVersion = 26.2;
						TestTargetID = 8051C8902EFA0E3300D96C56;
					};
					8051C8AB2EFA0E3900D96C56 = {
						CreatedOnToolsVersion = 26.2;
						TestTargetID = 8051C8902EFA0E3300D96C56;
					};
				};
			};
			buildConfigurationList = 8051C88C2EFA0E3300D96C56 /* Build configuration list for PBXProject "ChipSim" */;
			developmentRegion = en;
			hasScannedForEncodings = 0;
			knownRegions = (
				en,
				Base,
			);
			mainGroup = 8051C8882EFA0E3300D96C56;
			minimizedProjectReferenceProxies = 1;
			packageReferences = (
				805B21852EFA14020069C5DF /* XCRemoteSwiftPackageReference "firebase-ios-sdk" */,
			);
			preferredProjectObjectVersion = 77;
			productRefGroup = 8051C8922EFA0E3300D96C56 /* Products */;
			projectDirPath = "";
			projectRoot = "";
			targets = (
				8051C8902EFA0E3300D96C56 /* ChipSim */,
				8051C8A12EFA0E3900D96C56 /* ChipSimTests */,
				8051C8AB2EFA0E3900D96C56 /* ChipSimUITests */,
			);
		};
/* End PBXProject section */

/* Begin PBXResourcesBuildPhase section */
		8051C88F2EFA0E3300D96C56 /* Resources */ = {
			isa = PBXResourcesBuildPhase;
			buildActionMask = 2147483647;
			files = (
			);
			runOnlyForDeploymentPostprocessing = 0;
		};
		8051C8A02EFA0E3900D96C56 /* Resources */ = {
			isa = PBXResourcesBuildPhase;
			buildActionMask = 2147483647;
			files = (
			);
			runOnlyForDeploymentPostprocessing = 0;
		};
		8051C8AA2EFA0E3900D96C56 /* Resources */ = {
			isa = PBXResourcesBuildPhase;
			buildActionMask = 2147483647;
			files = (
			);
			runOnlyForDeploymentPostprocessing = 0;
		};
/* End PBXResourcesBuildPhase section */

/* Begin PBXSourcesBuildPhase section */
		8051C88D2EFA0E3300D96C56 /* Sources */ = {
			isa = PBXSourcesBuildPhase;
			buildActionMask = 2147483647;
			files = (
			);
			runOnlyForDeploymentPostprocessing = 0;
		};
		8051C89E2EFA0E3900D96C56 /* Sources */ = {
			isa = PBXSourcesBuildPhase;
			buildActionMask = 2147483647;
			files = (
			);
			runOnlyForDeploymentPostprocessing = 0;
		};
		8051C8A82EFA0E3900D96C56 /* Sources */ = {
			isa = PBXSourcesBuildPhase;
			buildActionMask = 2147483647;
			files = (
			);
			runOnlyForDeploymentPostprocessing = 0;
		};
/* End PBXSourcesBuildPhase section */

/* Begin PBXTargetDependency section */
		8051C8A42EFA0E3900D96C56 /* PBXTargetDependency */ = {
			isa = PBXTargetDependency;
			target = 8051C8902EFA0E3300D96C56 /* ChipSim */;
			targetProxy = 8051C8A32EFA0E3900D96C56 /* PBXContainerItemProxy */;
		};
		8051C8AE2EFA0E3900D96C56 /* PBXTargetDependency */ = {
			isa = PBXTargetDependency;
			target = 8051C8902EFA0E3300D96C56 /* ChipSim */;
			targetProxy = 8051C8AD2EFA0E3900D96C56 /* PBXContainerItemProxy */;
		};
/* End PBXTargetDependency section */

/* Begin XCBuildConfiguration section */
		8051C8B62EFA0E3900D96C56 /* Debug */ = {
			isa = XCBuildConfiguration;
			buildSettings = {
				ASSETCATALOG_COMPILER_APPICON_NAME = AppIcon;
				ASSETCATALOG_COMPILER_GLOBAL_ACCENT_COLOR_NAME = AccentColor;
				CODE_SIGN_ENTITLEMENTS = ChipSim/ChipSim.entitlements;
				CODE_SIGN_STYLE = Automatic;
				CURRENT_PROJECT_VERSION = 1;
				DEVELOPMENT_TEAM = K436XFP9QZ;
				ENABLE_PREVIEWS = YES;
				GENERATE_INFOPLIST_FILE = YES;
				INFOPLIST_FILE = ChipSim/Info.plist;
				INFOPLIST_KEY_UIApplicationSceneManifest_Generation = YES;
				INFOPLIST_KEY_UIApplicationSupportsIndirectInputEvents = YES;
				INFOPLIST_KEY_UILaunchScreen_Generation = YES;
				INFOPLIST_KEY_UISupportedInterfaceOrientations_iPad = "UIInterfaceOrientationPortrait UIInterfaceOrientationPortraitUpsideDown UIInterfaceOrientationLandscapeLeft UIInterfaceOrientationLandscapeRight";
				INFOPLIST_KEY_UISupportedInterfaceOrientations_iPhone = "UIInterfaceOrientationPortrait UIInterfaceOrientationLandscapeLeft UIInterfaceOrientationLandscapeRight";
				LD_RUNPATH_SEARCH_PATHS = (
					"$(inherited)",
					"@executable_path/Frameworks",
				);
				MARKETING_VERSION = 1.0;
				PRODUCT_BUNDLE_IDENTIFIER = com.chipsimulator.app;
				PRODUCT_NAME = "$(TARGET_NAME)";
				STRING_CATALOG_GENERATE_SYMBOLS = YES;
				SWIFT_APPROACHABLE_CONCURRENCY = YES;
				SWIFT_DEFAULT_ACTOR_ISOLATION = MainActor;
				SWIFT_EMIT_LOC_STRINGS = YES;
				SWIFT_UPCOMING_FEATURE_MEMBER_IMPORT_VISIBILITY = YES;
				SWIFT_VERSION = 5.0;
				TARGETED_DEVICE_FAMILY = "1,2";
			};
			name = Debug;
		};
		8051C8B72EFA0E3900D96C56 /* Release */ = {
			isa = XCBuildConfiguration;
			buildSettings = {
				ASSETCATALOG_COMPILER_APPICON_NAME = AppIcon;
				ASSETCATALOG_COMPILER_GLOBAL_ACCENT_COLOR_NAME = AccentColor;
				CODE_SIGN_ENTITLEMENTS = ChipSim/ChipSim.entitlements;
				CODE_SIGN_STYLE = Automatic;
				CURRENT_PROJECT_VERSION = 1;
				DEVELOPMENT_TEAM = K436XFP9QZ;
				ENABLE_PREVIEWS = YES;
				GENERATE_INFOPLIST_FILE = YES;
				INFOPLIST_FILE = ChipSim/Info.plist;
				INFOPLIST_KEY_UIApplicationSceneManifest_Generation = YES;
				INFOPLIST_KEY_UIApplicationSupportsIndirectInputEvents = YES;
				INFOPLIST_KEY_UILaunchScreen_Generation = YES;
				INFOPLIST_KEY_UISupportedInterfaceOrientations_iPad = "UIInterfaceOrientationPortrait UIInterfaceOrientationPortraitUpsideDown UIInterfaceOrientationLandscapeLeft UIInterfaceOrientationLandscapeRight";
				INFOPLIST_KEY_UISupportedInterfaceOrientations_iPhone = "UIInterfaceOrientationPortrait UIInterfaceOrientationLandscapeLeft UIInterfaceOrientationLandscapeRight";
				LD_RUNPATH_SEARCH_PATHS = (
					"$(inherited)",
					"@executable_path/Frameworks",
				);
				MARKETING_VERSION = 1.0;
				PRODUCT_BUNDLE_IDENTIFIER = com.chipsimulator.app;
				PRODUCT_NAME = "$(TARGET_NAME)";
				STRING_CATALOG_GENERATE_SYMBOLS = YES;
				SWIFT_APPROACHABLE_CONCURRENCY = YES;
				SWIFT_DEFAULT_ACTOR_ISOLATION = MainActor;
				SWIFT_EMIT_LOC_STRINGS = YES;
				SWIFT_UPCOMING_FEATURE_MEMBER_IMPORT_VISIBILITY = YES;
				SWIFT_VERSION = 5.0;
				TARGETED_DEVICE_FAMILY = "1,2";
			};
			name = Release;
		};
		8051C8B82EFA0E3900D96C56 /* Debug */ = {
			isa = XCBuildConfiguration;
			buildSettings = {
				ALWAYS_SEARCH_USER_PATHS = NO;
				ASSETCATALOG_COMPILER_GENERATE_SWIFT_ASSET_SYMBOL_EXTENSIONS = YES;
				CLANG_ANALYZER_NONNULL = YES;
				CLANG_ANALYZER_NUMBER_OBJECT_CONVERSION = YES_AGGRESSIVE;
				CLANG_CXX_LANGUAGE_STANDARD = "gnu++20";
				CLANG_ENABLE_MODULES = YES;
				CLANG_ENABLE_OBJC_ARC = YES;
				CLANG_ENABLE_OBJC_WEAK = YES;
				CLANG_WARN_BLOCK_CAPTURE_AUTORELEASING = YES;
				CLANG_WARN_BOOL_CONVERSION = YES;
				CLANG_WARN_COMMA = YES;
				CLANG_WARN_CONSTANT_CONVERSION = YES;
				CLANG_WARN_DEPRECATED_OBJC_IMPLEMENTATIONS = YES;
				CLANG_WARN_DIRECT_OBJC_ISA_USAGE = YES_ERROR;
				CLANG_WARN_DOCUMENTATION_COMMENTS = YES;
				CLANG_WARN_EMPTY_BODY = YES;
				CLANG_WARN_ENUM_CONVERSION = YES;
				CLANG_WARN_INFINITE_RECURSION = YES;
				CLANG_WARN_INT_CONVERSION = YES;
				CLANG_WARN_NON_LITERAL_NULL_CONVERSION = YES;
				CLANG_WARN_OBJC_IMPLICIT_RETAIN_SELF = YES;
				CLANG_WARN_OBJC_LITERAL_CONVERSION = YES;
				CLANG_WARN_OBJC_ROOT_CLASS = YES_ERROR;
				CLANG_WARN_QUOTED_INCLUDE_IN_FRAMEWORK_HEADER = YES;
				CLANG_WARN_RANGE_LOOP_ANALYSIS = YES;
				CLANG_WARN_STRICT_PROTOTYPES = YES;
				CLANG_WARN_SUSPICIOUS_MOVE = YES;
				CLANG_WARN_UNGUARDED_AVAILABILITY = YES_AGGRESSIVE;
				CLANG_WARN_UNREACHABLE_CODE = YES;
				CLANG_WARN__DUPLICATE_METHOD_MATCH = YES;
				COPY_PHASE_STRIP = NO;
				DEBUG_INFORMATION_FORMAT = dwarf;
				DEVELOPMENT_TEAM = K436XFP9QZ;
				ENABLE_STRICT_OBJC_MSGSEND = YES;
				ENABLE_TESTABILITY = YES;
				ENABLE_USER_SCRIPT_SANDBOXING = YES;
				GCC_C_LANGUAGE_STANDARD = gnu17;
				GCC_DYNAMIC_NO_PIC = NO;
				GCC_NO_COMMON_BLOCKS = YES;
				GCC_OPTIMIZATION_LEVEL = 0;
				GCC_PREPROCESSOR_DEFINITIONS = (
					"DEBUG=1",
					"$(inherited)",
				);
				GCC_WARN_64_TO_32_BIT_CONVERSION = YES;
				GCC_WARN_ABOUT_RETURN_TYPE = YES_ERROR;
				GCC_WARN_UNDECLARED_SELECTOR = YES;
				GCC_WARN_UNINITIALIZED_AUTOS = YES_AGGRESSIVE;
				GCC_WARN_UNUSED_FUNCTION = YES;
				GCC_WARN_UNUSED_VARIABLE = YES;
				IPHONEOS_DEPLOYMENT_TARGET = 26.2;
				LOCALIZATION_PREFERS_STRING_CATALOGS = YES;
				MTL_ENABLE_DEBUG_INFO = INCLUDE_SOURCE;
				MTL_FAST_MATH = YES;
				ONLY_ACTIVE_ARCH = YES;
				SDKROOT = iphoneos;
				SWIFT_ACTIVE_COMPILATION_CONDITIONS = "DEBUG $(inherited)";
				SWIFT_OPTIMIZATION_LEVEL = "-Onone";
			};
			name = Debug;
		};
		8051C8B92EFA0E3900D96C56 /* Release */ = {
			isa = XCBuildConfiguration;
			buildSettings = {
				ALWAYS_SEARCH_USER_PATHS = NO;
				ASSETCATALOG_COMPILER_GENERATE_SWIFT_ASSET_SYMBOL_EXTENSIONS = YES;
				CLANG_ANALYZER_NONNULL = YES;
				CLANG_ANALYZER_NUMBER_OBJECT_CONVERSION = YES_AGGRESSIVE;
				CLANG_CXX_LANGUAGE_STANDARD = "gnu++20";
				CLANG_ENABLE_MODULES = YES;
				CLANG_ENABLE_OBJC_ARC = YES;
				CLANG_ENABLE_OBJC_WEAK = YES;
				CLANG_WARN_BLOCK_CAPTURE_AUTORELEASING = YES;
				CLANG_WARN_BOOL_CONVERSION = YES;
				CLANG_WARN_COMMA = YES;
				CLANG_WARN_CONSTANT_CONVERSION = YES;
				CLANG_WARN_DEPRECATED_OBJC_IMPLEMENTATIONS = YES;
				CLANG_WARN_DIRECT_OBJC_ISA_USAGE = YES_ERROR;
				CLANG_WARN_DOCUMENTATION_COMMENTS = YES;
				CLANG_WARN_EMPTY_BODY = YES;
				CLANG_WARN_ENUM_CONVERSION = YES;
				CLANG_WARN_INFINITE_RECURSION = YES;
				CLANG_WARN_INT_CONVERSION = YES;
				CLANG_WARN_NON_LITERAL_NULL_CONVERSION = YES;
				CLANG_WARN_OBJC_IMPLICIT_RETAIN_SELF = YES;
				CLANG_WARN_OBJC_LITERAL_CONVERSION = YES;
				CLANG_WARN_OBJC_ROOT_CLASS = YES_ERROR;
				CLANG_WARN_QUOTED_INCLUDE_IN_FRAMEWORK_HEADER = YES;
				CLANG_WARN_RANGE_LOOP_ANALYSIS = YES;
				CLANG_WARN_STRICT_PROTOTYPES = YES;
				CLANG_WARN_SUSPICIOUS_MOVE = YES;
				CLANG_WARN_UNGUARDED_AVAILABILITY = YES_AGGRESSIVE;
				CLANG_WARN_UNREACHABLE_CODE = YES;
				CLANG_WARN__DUPLICATE_METHOD_MATCH = YES;
				COPY_PHASE_STRIP = NO;
				DEBUG_INFORMATION_FORMAT = "dwarf-with-dsym";
				DEVELOPMENT_TEAM = K436XFP9QZ;
				ENABLE_NS_ASSERTIONS = NO;
				ENABLE_STRICT_OBJC_MSGSEND = YES;
				ENABLE_USER_SCRIPT_SANDBOXING = YES;
				GCC_C_LANGUAGE_STANDARD = gnu17;
				GCC_NO_COMMON_BLOCKS = YES;
				GCC_WARN_64_TO_32_BIT_CONVERSION = YES;
				GCC_WARN_ABOUT_RETURN_TYPE = YES_ERROR;
				GCC_WARN_UNDECLARED_SELECTOR = YES;
				GCC_WARN_UNINITIALIZED_AUTOS = YES_AGGRESSIVE;
				GCC_WARN_UNUSED_FUNCTION = YES;
				GCC_WARN_UNUSED_VARIABLE = YES;
				IPHONEOS_DEPLOYMENT_TARGET = 26.2;
				LOCALIZATION_PREFERS_STRING_CATALOGS = YES;
				MTL_ENABLE_DEBUG_INFO = NO;
				MTL_FAST_MATH = YES;
				SDKROOT = iphoneos;
				SWIFT_COMPILATION_MODE = wholemodule;
				VALIDATE_PRODUCT = YES;
			};
			name = Release;
		};
		8051C8BB2EFA0E3900D96C56 /* Debug */ = {
			isa = XCBuildConfiguration;
			buildSettings = {
				BUNDLE_LOADER = "$(TEST_HOST)";
				CODE_SIGN_STYLE = Automatic;
				CURRENT_PROJECT_VERSION = 1;
				DEVELOPMENT_TEAM = K436XFP9QZ;
				GENERATE_INFOPLIST_FILE = YES;
				IPHONEOS_DEPLOYMENT_TARGET = 26.2;
				MARKETING_VERSION = 1.0;
				PRODUCT_BUNDLE_IDENTIFIER = com.cameronentezarian.ChipSimTests;
				PRODUCT_NAME = "$(TARGET_NAME)";
				STRING_CATALOG_GENERATE_SYMBOLS = NO;
				SWIFT_APPROACHABLE_CONCURRENCY = YES;
				SWIFT_EMIT_LOC_STRINGS = NO;
				SWIFT_UPCOMING_FEATURE_MEMBER_IMPORT_VISIBILITY = YES;
				SWIFT_VERSION = 5.0;
				TARGETED_DEVICE_FAMILY = "1,2";
				TEST_HOST = "$(BUILT_PRODUCTS_DIR)/ChipSim.app/$(BUNDLE_EXECUTABLE_FOLDER_PATH)/ChipSim";
			};
			name = Debug;
		};
		8051C8BC2EFA0E3900D96C56 /* Release */ = {
			isa = XCBuildConfiguration;
			buildSettings = {
				BUNDLE_LOADER = "$(TEST_HOST)";
				CODE_SIGN_STYLE = Automatic;
				CURRENT_PROJECT_VERSION = 1;
				DEVELOPMENT_TEAM = K436XFP9QZ;
				GENERATE_INFOPLIST_FILE = YES;
				IPHONEOS_DEPLOYMENT_TARGET = 26.2;
				MARKETING_VERSION = 1.0;
				PRODUCT_BUNDLE_IDENTIFIER = com.cameronentezarian.ChipSimTests;
				PRODUCT_NAME = "$(TARGET_NAME)";
				STRING_CATALOG_GENERATE_SYMBOLS = NO;
				SWIFT_APPROACHABLE_CONCURRENCY = YES;
				SWIFT_EMIT_LOC_STRINGS = NO;
				SWIFT_UPCOMING_FEATURE_MEMBER_IMPORT_VISIBILITY = YES;
				SWIFT_VERSION = 5.0;
				TARGETED_DEVICE_FAMILY = "1,2";
				TEST_HOST = "$(BUILT_PRODUCTS_DIR)/ChipSim.app/$(BUNDLE_EXECUTABLE_FOLDER_PATH)/ChipSim";
			};
			name = Release;
		};
		8051C8BE2EFA0E3900D96C56 /* Debug */ = {
			isa = XCBuildConfiguration;
			buildSettings = {
				CODE_SIGN_STYLE = Automatic;
				CURRENT_PROJECT_VERSION = 1;
				DEVELOPMENT_TEAM = K436XFP9QZ;
				GENERATE_INFOPLIST_FILE = YES;
				MARKETING_VERSION = 1.0;
				PRODUCT_BUNDLE_IDENTIFIER = com.cameronentezarian.ChipSimUITests;
				PRODUCT_NAME = "$(TARGET_NAME)";
				STRING_CATALOG_GENERATE_SYMBOLS = NO;
				SWIFT_APPROACHABLE_CONCURRENCY = YES;
				SWIFT_EMIT_LOC_STRINGS = NO;
				SWIFT_UPCOMING_FEATURE_MEMBER_IMPORT_VISIBILITY = YES;
				SWIFT_VERSION = 5.0;
				TARGETED_DEVICE_FAMILY = "1,2";
				TEST_TARGET_NAME = ChipSim;
			};
			name = Debug;
		};
		8051C8BF2EFA0E3900D96C56 /* Release */ = {
			isa = XCBuildConfiguration;
			buildSettings = {
				CODE_SIGN_STYLE = Automatic;
				CURRENT_PROJECT_VERSION = 1;
				DEVELOPMENT_TEAM = K436XFP9QZ;
				GENERATE_INFOPLIST_FILE = YES;
				MARKETING_VERSION = 1.0;
				PRODUCT_BUNDLE_IDENTIFIER = com.cameronentezarian.ChipSimUITests;
				PRODUCT_NAME = "$(TARGET_NAME)";
				STRING_CATALOG_GENERATE_SYMBOLS = NO;
				SWIFT_APPROACHABLE_CONCURRENCY = YES;
				SWIFT_EMIT_LOC_STRINGS = NO;
				SWIFT_UPCOMING_FEATURE_MEMBER_IMPORT_VISIBILITY = YES;
				SWIFT_VERSION = 5.0;
				TARGETED_DEVICE_FAMILY = "1,2";
				TEST_TARGET_NAME = ChipSim;
			};
			name = Release;
		};
/* End XCBuildConfiguration section */

/* Begin XCConfigurationList section */
		8051C88C2EFA0E3300D96C56 /* Build configuration list for PBXProject "ChipSim" */ = {
			isa = XCConfigurationList;
			buildConfigurations = (
				8051C8B82EFA0E3900D96C56 /* Debug */,
				8051C8B92EFA0E3900D96C56 /* Release */,
			);
			defaultConfigurationIsVisible = 0;
			defaultConfigurationName = Release;
		};
		8051C8B52EFA0E3900D96C56 /* Build configuration list for PBXNativeTarget "ChipSim" */ = {
			isa = XCConfigurationList;
			buildConfigurations = (
				8051C8B62EFA0E3900D96C56 /* Debug */,
				8051C8B72EFA0E3900D96C56 /* Release */,
			);
			defaultConfigurationIsVisible = 0;
			defaultConfigurationName = Release;
		};
		8051C8BA2EFA0E3900D96C56 /* Build configuration list for PBXNativeTarget "ChipSimTests" */ = {
			isa = XCConfigurationList;
			buildConfigurations = (
				8051C8BB2EFA0E3900D96C56 /* Debug */,
				8051C8BC2EFA0E3900D96C56 /* Release */,
			);
			defaultConfigurationIsVisible = 0;
			defaultConfigurationName = Release;
		};
		8051C8BD2EFA0E3900D96C56 /* Build configuration list for PBXNativeTarget "ChipSimUITests" */ = {
			isa = XCConfigurationList;
			buildConfigurations = (
				8051C8BE2EFA0E3900D96C56 /* Debug */,
				8051C8BF2EFA0E3900D96C56 /* Release */,
			);
			defaultConfigurationIsVisible = 0;
			defaultConfigurationName = Release;
		};
/* End XCConfigurationList section */

/* Begin XCRemoteSwiftPackageReference section */
		805B21852EFA14020069C5DF /* XCRemoteSwiftPackageReference "firebase-ios-sdk" */ = {
			isa = XCRemoteSwiftPackageReference;
			repositoryURL = "https://github.com/firebase/firebase-ios-sdk";
			requirement = {
				kind = upToNextMajorVersion;
				minimumVersion = 12.7.0;
			};
		};
/* End XCRemoteSwiftPackageReference section */

/* Begin XCSwiftPackageProductDependency section */
		805B21862EFA14020069C5DF /* FirebaseAuth */ = {
			isa = XCSwiftPackageProductDependency;
			package = 805B21852EFA14020069C5DF /* XCRemoteSwiftPackageReference "firebase-ios-sdk" */;
			productName = FirebaseAuth;
		};
		805B21882EFA14020069C5DF /* FirebaseCore */ = {
			isa = XCSwiftPackageProductDependency;
			package = 805B21852EFA14020069C5DF /* XCRemoteSwiftPackageReference "firebase-ios-sdk" */;
			productName = FirebaseCore;
		};
		805B218A2EFA14020069C5DF /* FirebaseDatabase */ = {
			isa = XCSwiftPackageProductDependency;
			package = 805B21852EFA14020069C5DF /* XCRemoteSwiftPackageReference "firebase-ios-sdk" */;
			productName = FirebaseDatabase;
		};
/* End XCSwiftPackageProductDependency section */
	};
	rootObject = 8051C8892EFA0E3300D96C56 /* Project object */;
}
